{
  "lib/chainlink-brownie-contracts": {
    "tag": {
      "name": "0.8.0",
      "rev": "f06ed4c7e43de0359e0e337ce56e55cab90b0178"
    }
  },
  "lib/ccip": {
    "tag": {
      "name": "v2.9.0",
      "rev": "065ef85b5fa52bb4583ebad9e51c20a977b64e7a"
    }
  },
  "lib/openzeppelin-contracts": {
    "tag": {
      "name": "v5.4.0",
      "rev": "c64a1edb67b6e3f4a15cca8909c9482ad33a02b0"
    }
  },
  "lib/chainlink-ccip": {
    "rev": "9a6c5a35e950e3dd25f83b5c5b337b7105dac3bf"
  }
}